
Microsoft Visual Studio Solution File, Format Version 12.00
# Visual Studio Version 17
VisualStudioVersion = 17.8.34316.72
MinimumVisualStudioVersion = 10.0.40219.1
Project("{8BC9CEB8-8B4A-11D0-8D11-00A0C91BC942}") = "SCAMM", "SCAMM\SCAMM.vcxproj", "{EF253B7D-4ED5-4841-91FA-CA972F3ED239}"
EndProject
Project("{8BC9CEB8-8B4A-11D0-8D11-00A0C91BC942}") = "Screen8", "Screen8\Screen8.vcxproj", "{07FA45C9-392F-411A-B47E-20319710D8AB}"
	ProjectSection(ProjectDependencies) = postProject
		{EF253B7D-4ED5-4841-91FA-CA972F3ED239} = {EF253B7D-4ED5-4841-91FA-CA972F3ED239}
	EndProjectSection
EndProject
Project("{8BC9CEB8-8B4A-11D0-8D11-00A0C91BC942}") = "TheTrial", "TheTrial\TheTrial.vcxproj", "{D2C35F1A-D055-48FA-8057-493925B3200A}"
	ProjectSection(ProjectDependencies) = postProject
		{EF253B7D-4ED5-4841-91FA-CA972F3ED239} = {EF253B7D-4ED5-4841-91FA-CA972F3ED239}
	EndProjectSection
EndProject
Project("{2150E333-8FDC-42A3-9474-1A3956D46DE8}") = "Solution Items", "Solution Items", "{9EE87C85-1293-4839-9796-576E48C017D2}"
	ProjectSection(SolutionItems) = preProject
		doc\scamm.md = doc\scamm.md
	EndProjectSection
EndProject
Global
	GlobalSection(SolutionConfigurationPlatforms) = preSolution
		Debug|x86 = Debug|x86
		Release|x86 = Release|x86
	EndGlobalSection
	GlobalSection(ProjectConfigurationPlatforms) = postSolution
		{EF253B7D-4ED5-4841-91FA-CA972F3ED239}.Debug|x86.ActiveCfg = Debug|Win32
		{EF253B7D-4ED5-4841-91FA-CA972F3ED239}.Debug|x86.Build.0 = Debug|Win32
		{EF253B7D-4ED5-4841-91FA-CA972F3ED239}.Release|x86.ActiveCfg = Release|Win32
		{EF253B7D-4ED5-4841-91FA-CA972F3ED239}.Release|x86.Build.0 = Release|Win32
		{07FA45C9-392F-411A-B47E-20319710D8AB}.Debug|x86.ActiveCfg = Debug|Win32
		{07FA45C9-392F-411A-B47E-20319710D8AB}.Debug|x86.Build.0 = Debug|Win32
		{07FA45C9-392F-411A-B47E-20319710D8AB}.Release|x86.ActiveCfg = Release|Win32
		{07FA45C9-392F-411A-B47E-20319710D8AB}.Release|x86.Build.0 = Release|Win32
		{D2C35F1A-D055-48FA-8057-493925B3200A}.Debug|x86.ActiveCfg = Debug|Win32
		{D2C35F1A-D055-48FA-8057-493925B3200A}.Debug|x86.Build.0 = Debug|Win32
		{D2C35F1A-D055-48FA-8057-493925B3200A}.Release|x86.ActiveCfg = Release|Win32
		{D2C35F1A-D055-48FA-8057-493925B3200A}.Release|x86.Build.0 = Release|Win32
	EndGlobalSection
	GlobalSection(SolutionProperties) = preSolution
		HideSolutionNode = FALSE
	EndGlobalSection
	GlobalSection(ExtensibilityGlobals) = postSolution
		SolutionGuid = {BC970169-F665-4A53-9C46-C4EF3DC3FCDF}
	EndGlobalSection
EndGlobal
